// !$*UTF8*$!
{
	archiveVersion = 1;
	classes = {
	};
	objectVersion = 56;
	objects = {

/* Begin PBXBuildFile section */
		580C48FF29507D67006E5723 /* DownloadWithCombine.swift in Sources */ = {isa = PBXBuildFile; fileRef = 580C48FE29507D67006E5723 /* DownloadWithCombine.swift */; };
		580C490229508045006E5723 /* PostModel.swift in Sources */ = {isa = PBXBuildFile; fileRef = 580C490129508045006E5723 /* PostModel.swift */; };
		580C4905295174DF006E5723 /* DownloadingWithFuture.swift in Sources */ = {isa = PBXBuildFile; fileRef = 580C4904295174DF006E5723 /* DownloadingWithFuture.swift */; };
		5823BB2F28F8C43C00537FA6 /* Photos.swift in Sources */ = {isa = PBXBuildFile; fileRef = 5823BB2E28F8C43C00537FA6 /* Photos.swift */; };
		5823BB3228F8CF2C00537FA6 /* EmojiKeyboard.swift in Sources */ = {isa = PBXBuildFile; fileRef = 5823BB3128F8CF2C00537FA6 /* EmojiKeyboard.swift */; };
		5823BB3428F8EAFB00537FA6 /* ConcurrencySwift.swift in Sources */ = {isa = PBXBuildFile; fileRef = 5823BB3328F8EAFB00537FA6 /* ConcurrencySwift.swift */; };
		5823BB3628F8FAA400537FA6 /* DownloadImageAsyncImageLoader.swift in Sources */ = {isa = PBXBuildFile; fileRef = 5823BB3528F8FAA400537FA6 /* DownloadImageAsyncImageLoader.swift */; };
		5823BB3A28F9FBB800537FA6 /* SObjects.swift in Sources */ = {isa = PBXBuildFile; fileRef = 5823BB3928F9FBB800537FA6 /* SObjects.swift */; };
		5823BB3C28F9FD6D00537FA6 /* ObObjects.swift in Sources */ = {isa = PBXBuildFile; fileRef = 5823BB3B28F9FD6D00537FA6 /* ObObjects.swift */; };
		587A50BF28FF32D900981ED9 /* BackgroundThread.swift in Sources */ = {isa = PBXBuildFile; fileRef = 587A50BE28FF32D900981ED9 /* BackgroundThread.swift */; };
		587A50C22907640800981ED9 /* WeakSelf.swift in Sources */ = {isa = PBXBuildFile; fileRef = 587A50C12907640800981ED9 /* WeakSelf.swift */; };
		587A50C529076A7600981ED9 /* Escaping.swift in Sources */ = {isa = PBXBuildFile; fileRef = 587A50C429076A7600981ED9 /* Escaping.swift */; };
		587A50C729077C4100981ED9 /* DownloadWithEscaping.swift in Sources */ = {isa = PBXBuildFile; fileRef = 587A50C629077C4100981ED9 /* DownloadWithEscaping.swift */; };
		587A50CA290A7FD200981ED9 /* AppTest.swift in Sources */ = {isa = PBXBuildFile; fileRef = 587A50C9290A7FD200981ED9 /* AppTest.swift */; };
		58FB341128BD47FE00B9FFF9 /* TestAppApp.swift in Sources */ = {isa = PBXBuildFile; fileRef = 58FB341028BD47FE00B9FFF9 /* TestAppApp.swift */; };
		58FB341328BD47FE00B9FFF9 /* TestingStateView.swift in Sources */ = {isa = PBXBuildFile; fileRef = 58FB341228BD47FE00B9FFF9 /* TestingStateView.swift */; };
		58FB341528BD47FF00B9FFF9 /* Assets.xcassets in Resources */ = {isa = PBXBuildFile; fileRef = 58FB341428BD47FF00B9FFF9 /* Assets.xcassets */; };
		58FB341828BD47FF00B9FFF9 /* Preview Assets.xcassets in Resources */ = {isa = PBXBuildFile; fileRef = 58FB341728BD47FF00B9FFF9 /* Preview Assets.xcassets */; };
		58FB342228BD47FF00B9FFF9 /* TestAppTests.swift in Sources */ = {isa = PBXBuildFile; fileRef = 58FB342128BD47FF00B9FFF9 /* TestAppTests.swift */; };
		58FB342C28BD47FF00B9FFF9 /* TestAppUITests.swift in Sources */ = {isa = PBXBuildFile; fileRef = 58FB342B28BD47FF00B9FFF9 /* TestAppUITests.swift */; };
		58FB342E28BD47FF00B9FFF9 /* TestAppUITestsLaunchTests.swift in Sources */ = {isa = PBXBuildFile; fileRef = 58FB342D28BD47FF00B9FFF9 /* TestAppUITestsLaunchTests.swift */; };
/* End PBXBuildFile section */

/* Begin PBXContainerItemProxy section */
		58FB341E28BD47FF00B9FFF9 /* PBXContainerItemProxy */ = {
			isa = PBXContainerItemProxy;
			containerPortal = 58FB340528BD47FE00B9FFF9 /* Project object */;
			proxyType = 1;
			remoteGlobalIDString = 58FB340C28BD47FE00B9FFF9;
			remoteInfo = TestApp;
		};
		58FB342828BD47FF00B9FFF9 /* PBXContainerItemProxy */ = {
			isa = PBXContainerItemProxy;
			containerPortal = 58FB340528BD47FE00B9FFF9 /* Project object */;
			proxyType = 1;
			remoteGlobalIDString = 58FB340C28BD47FE00B9FFF9;
			remoteInfo = TestApp;
		};
/* End PBXContainerItemProxy section */

/* Begin PBXFileReference section */
		580C48FE29507D67006E5723 /* DownloadWithCombine.swift */ = {isa = PBXFileReference; lastKnownFileType = sourcecode.swift; path = DownloadWithCombine.swift; sourceTree = "<group>"; };
		580C490129508045006E5723 /* PostModel.swift */ = {isa = PBXFileReference; lastKnownFileType = sourcecode.swift; path = PostModel.swift; sourceTree = "<group>"; };
		580C4904295174DF006E5723 /* DownloadingWithFuture.swift */ = {isa = PBXFileReference; lastKnownFileType = sourcecode.swift; path = DownloadingWithFuture.swift; sourceTree = "<group>"; };
		5823BB2E28F8C43C00537FA6 /* Photos.swift */ = {isa = PBXFileReference; lastKnownFileType = sourcecode.swift; path = Photos.swift; sourceTree = "<group>"; };
		5823BB3028F8C78900537FA6 /* Info.plist */ = {isa = PBXFileReference; lastKnownFileType = text.plist; path = Info.plist; sourceTree = "<group>"; };
		5823BB3128F8CF2C00537FA6 /* EmojiKeyboard.swift */ = {isa = PBXFileReference; lastKnownFileType = sourcecode.swift; path = EmojiKeyboard.swift; sourceTree = "<group>"; };
		5823BB3328F8EAFB00537FA6 /* ConcurrencySwift.swift */ = {isa = PBXFileReference; lastKnownFileType = sourcecode.swift; path = ConcurrencySwift.swift; sourceTree = "<group>"; };
		5823BB3528F8FAA400537FA6 /* DownloadImageAsyncImageLoader.swift */ = {isa = PBXFileReference; lastKnownFileType = sourcecode.swift; path = DownloadImageAsyncImageLoader.swift; sourceTree = "<group>"; };
		5823BB3928F9FBB800537FA6 /* SObjects.swift */ = {isa = PBXFileReference; lastKnownFileType = sourcecode.swift; path = SObjects.swift; sourceTree = "<group>"; };
		5823BB3B28F9FD6D00537FA6 /* ObObjects.swift */ = {isa = PBXFileReference; lastKnownFileType = sourcecode.swift; path = ObObjects.swift; sourceTree = "<group>"; };
		587A50BE28FF32D900981ED9 /* BackgroundThread.swift */ = {isa = PBXFileReference; lastKnownFileType = sourcecode.swift; path = BackgroundThread.swift; sourceTree = "<group>"; };
		587A50C12907640800981ED9 /* WeakSelf.swift */ = {isa = PBXFileReference; lastKnownFileType = sourcecode.swift; path = WeakSelf.swift; sourceTree = "<group>"; };
		587A50C429076A7600981ED9 /* Escaping.swift */ = {isa = PBXFileReference; lastKnownFileType = sourcecode.swift; path = Escaping.swift; sourceTree = "<group>"; };
		587A50C629077C4100981ED9 /* DownloadWithEscaping.swift */ = {isa = PBXFileReference; lastKnownFileType = sourcecode.swift; path = DownloadWithEscaping.swift; sourceTree = "<group>"; };
		587A50C9290A7FD200981ED9 /* AppTest.swift */ = {isa = PBXFileReference; lastKnownFileType = sourcecode.swift; path = AppTest.swift; sourceTree = "<group>"; };
		58FB340D28BD47FE00B9FFF9 /* TestApp.app */ = {isa = PBXFileReference; explicitFileType = wrapper.application; includeInIndex = 0; path = TestApp.app; sourceTree = BUILT_PRODUCTS_DIR; };
		58FB341028BD47FE00B9FFF9 /* TestAppApp.swift */ = {isa = PBXFileReference; lastKnownFileType = sourcecode.swift; path = TestAppApp.swift; sourceTree = "<group>"; };
		58FB341228BD47FE00B9FFF9 /* TestingStateView.swift */ = {isa = PBXFileReference; lastKnownFileType = sourcecode.swift; path = TestingStateView.swift; sourceTree = "<group>"; };
		58FB341428BD47FF00B9FFF9 /* Assets.xcassets */ = {isa = PBXFileReference; lastKnownFileType = folder.assetcatalog; path = Assets.xcassets; sourceTree = "<group>"; };
		58FB341728BD47FF00B9FFF9 /* Preview Assets.xcassets */ = {isa = PBXFileReference; lastKnownFileType = folder.assetcatalog; path = "Preview Assets.xcassets"; sourceTree = "<group>"; };
		58FB341D28BD47FF00B9FFF9 /* TestAppTests.xctest */ = {isa = PBXFileReference; explicitFileType = wrapper.cfbundle; includeInIndex = 0; path = TestAppTests.xctest; sourceTree = BUILT_PRODUCTS_DIR; };
		58FB342128BD47FF00B9FFF9 /* TestAppTests.swift */ = {isa = PBXFileReference; lastKnownFileType = sourcecode.swift; path = TestAppTests.swift; sourceTree = "<group>"; };
		58FB342728BD47FF00B9FFF9 /* TestAppUITests.xctest */ = {isa = PBXFileReference; explicitFileType = wrapper.cfbundle; includeInIndex = 0; path = TestAppUITests.xctest; sourceTree = BUILT_PRODUCTS_DIR; };
		58FB342B28BD47FF00B9FFF9 /* TestAppUITests.swift */ = {isa = PBXFileReference; lastKnownFileType = sourcecode.swift; path = TestAppUITests.swift; sourceTree = "<group>"; };
		58FB342D28BD47FF00B9FFF9 /* TestAppUITestsLaunchTests.swift */ = {isa = PBXFileReference; lastKnownFileType = sourcecode.swift; path = TestAppUITestsLaunchTests.swift; sourceTree = "<group>"; };
/* End PBXFileReference section */

/* Begin PBXFrameworksBuildPhase section */
		58FB340A28BD47FE00B9FFF9 /* Frameworks */ = {
			isa = PBXFrameworksBuildPhase;
			buildActionMask = 2147483647;
			files = (
			);
			runOnlyForDeploymentPostprocessing = 0;
		};
		58FB341A28BD47FF00B9FFF9 /* Frameworks */ = {
			isa = PBXFrameworksBuildPhase;
			buildActionMask = 2147483647;
			files = (
			);
			runOnlyForDeploymentPostprocessing = 0;
		};
		58FB342428BD47FF00B9FFF9 /* Frameworks */ = {
			isa = PBXFrameworksBuildPhase;
			buildActionMask = 2147483647;
			files = (
			);
			runOnlyForDeploymentPostprocessing = 0;
		};
/* End PBXFrameworksBuildPhase section */

/* Begin PBXGroup section */
		580C48FC295079F8006E5723 /* API fetch Combine AnyPublisher */ = {
			isa = PBXGroup;
			children = (
				580C48FE29507D67006E5723 /* DownloadWithCombine.swift */,
			);
			path = "API fetch Combine AnyPublisher";
			sourceTree = "<group>";
		};
		580C48FD29507A2B006E5723 /* API fetch Concurrency Async */ = {
			isa = PBXGroup;
			children = (
			);
			path = "API fetch Concurrency Async";
			sourceTree = "<group>";
		};
		580C490029507D8F006E5723 /* API */ = {
			isa = PBXGroup;
			children = (
				580C490129508045006E5723 /* PostModel.swift */,
				580C49032951749F006E5723 /* API fetch Combine Future */,
				587A50C3290769ED00981ED9 /* API fetch Completion */,
				580C48FC295079F8006E5723 /* API fetch Combine AnyPublisher */,
				580C48FD29507A2B006E5723 /* API fetch Concurrency Async */,
			);
			path = API;
			sourceTree = "<group>";
		};
		580C49032951749F006E5723 /* API fetch Combine Future */ = {
			isa = PBXGroup;
			children = (
				580C4904295174DF006E5723 /* DownloadingWithFuture.swift */,
			);
			path = "API fetch Combine Future";
			sourceTree = "<group>";
		};
		5823BB3828F9FB9000537FA6 /* Observed Object Vs State Object */ = {
			isa = PBXGroup;
			children = (
				5823BB3928F9FBB800537FA6 /* SObjects.swift */,
				5823BB3B28F9FD6D00537FA6 /* ObObjects.swift */,
			);
			path = "Observed Object Vs State Object";
			sourceTree = "<group>";
		};
		587A50BD28FF32BF00981ED9 /* Background threads */ = {
			isa = PBXGroup;
			children = (
				587A50BE28FF32D900981ED9 /* BackgroundThread.swift */,
			);
			path = "Background threads";
			sourceTree = "<group>";
		};
		587A50C3290769ED00981ED9 /* API fetch Completion */ = {
			isa = PBXGroup;
			children = (
				587A50C629077C4100981ED9 /* DownloadWithEscaping.swift */,
				5823BB3528F8FAA400537FA6 /* DownloadImageAsyncImageLoader.swift */,
			);
			path = "API fetch Completion";
			sourceTree = "<group>";
		};
		587A50C8290A7FC600981ED9 /* Testing TO see */ = {
			isa = PBXGroup;
			children = (
				587A50C9290A7FD200981ED9 /* AppTest.swift */,
			);
			path = "Testing TO see";
			sourceTree = "<group>";
		};
		58FB340428BD47FE00B9FFF9 = {
			isa = PBXGroup;
			children = (
				58FB341028BD47FE00B9FFF9 /* TestAppApp.swift */,
				587A50C8290A7FC600981ED9 /* Testing TO see */,
				580C490029507D8F006E5723 /* API */,
				587A50BD28FF32BF00981ED9 /* Background threads */,
				5823BB3828F9FB9000537FA6 /* Observed Object Vs State Object */,
				58FB340F28BD47FE00B9FFF9 /* TestApp */,
				58FB342028BD47FF00B9FFF9 /* TestAppTests */,
				58FB342A28BD47FF00B9FFF9 /* TestAppUITests */,
				58FB340E28BD47FE00B9FFF9 /* Products */,
			);
			sourceTree = "<group>";
		};
		58FB340E28BD47FE00B9FFF9 /* Products */ = {
			isa = PBXGroup;
			children = (
				58FB340D28BD47FE00B9FFF9 /* TestApp.app */,
				58FB341D28BD47FF00B9FFF9 /* TestAppTests.xctest */,
				58FB342728BD47FF00B9FFF9 /* TestAppUITests.xctest */,
			);
			name = Products;
			sourceTree = "<group>";
		};
		58FB340F28BD47FE00B9FFF9 /* TestApp */ = {
			isa = PBXGroup;
			children = (
				5823BB3028F8C78900537FA6 /* Info.plist */,
				587A50C429076A7600981ED9 /* Escaping.swift */,
				5823BB3328F8EAFB00537FA6 /* ConcurrencySwift.swift */,
				5823BB2E28F8C43C00537FA6 /* Photos.swift */,
				5823BB3128F8CF2C00537FA6 /* EmojiKeyboard.swift */,
				58FB341228BD47FE00B9FFF9 /* TestingStateView.swift */,
				587A50C12907640800981ED9 /* WeakSelf.swift */,
				58FB341428BD47FF00B9FFF9 /* Assets.xcassets */,
				58FB341628BD47FF00B9FFF9 /* Preview Content */,
			);
			path = TestApp;
			sourceTree = "<group>";
		};
		58FB341628BD47FF00B9FFF9 /* Preview Content */ = {
			isa = PBXGroup;
			children = (
				58FB341728BD47FF00B9FFF9 /* Preview Assets.xcassets */,
			);
			path = "Preview Content";
			sourceTree = "<group>";
		};
		58FB342028BD47FF00B9FFF9 /* TestAppTests */ = {
			isa = PBXGroup;
			children = (
				58FB342128BD47FF00B9FFF9 /* TestAppTests.swift */,
			);
			path = TestAppTests;
			sourceTree = "<group>";
		};
		58FB342A28BD47FF00B9FFF9 /* TestAppUITests */ = {
			isa = PBXGroup;
			children = (
				58FB342B28BD47FF00B9FFF9 /* TestAppUITests.swift */,
				58FB342D28BD47FF00B9FFF9 /* TestAppUITestsLaunchTests.swift */,
			);
			path = TestAppUITests;
			sourceTree = "<group>";
		};
/* End PBXGroup section */

/* Begin PBXNativeTarget section */
		58FB340C28BD47FE00B9FFF9 /* TestApp */ = {
			isa = PBXNativeTarget;
			buildConfigurationList = 58FB343128BD47FF00B9FFF9 /* Build configuration list for PBXNativeTarget "TestApp" */;
			buildPhases = (
				58FB340928BD47FE00B9FFF9 /* Sources */,
				58FB340A28BD47FE00B9FFF9 /* Frameworks */,
				58FB340B28BD47FE00B9FFF9 /* Resources */,
			);
			buildRules = (
			);
			dependencies = (
			);
			name = TestApp;
			productName = TestApp;
			productReference = 58FB340D28BD47FE00B9FFF9 /* TestApp.app */;
			productType = "com.apple.product-type.application";
		};
		58FB341C28BD47FF00B9FFF9 /* TestAppTests */ = {
			isa = PBXNativeTarget;
			buildConfigurationList = 58FB343428BD47FF00B9FFF9 /* Build configuration list for PBXNativeTarget "TestAppTests" */;
			buildPhases = (
				58FB341928BD47FF00B9FFF9 /* Sources */,
				58FB341A28BD47FF00B9FFF9 /* Frameworks */,
				58FB341B28BD47FF00B9FFF9 /* Resources */,
			);
			buildRules = (
			);
			dependencies = (
				58FB341F28BD47FF00B9FFF9 /* PBXTargetDependency */,
			);
			name = TestAppTests;
			productName = TestAppTests;
			productReference = 58FB341D28BD47FF00B9FFF9 /* TestAppTests.xctest */;
			productType = "com.apple.product-type.bundle.unit-test";
		};
		58FB342628BD47FF00B9FFF9 /* TestAppUITests */ = {
			isa = PBXNativeTarget;
			buildConfigurationList = 58FB343728BD47FF00B9FFF9 /* Build configuration list for PBXNativeTarget "TestAppUITests" */;
			buildPhases = (
				58FB342328BD47FF00B9FFF9 /* Sources */,
				58FB342428BD47FF00B9FFF9 /* Frameworks */,
				58FB342528BD47FF00B9FFF9 /* Resources */,
			);
			buildRules = (
			);
			dependencies = (
				58FB342928BD47FF00B9FFF9 /* PBXTargetDependency */,
			);
			name = TestAppUITests;
			productName = TestAppUITests;
			productReference = 58FB342728BD47FF00B9FFF9 /* TestAppUITests.xctest */;
			productType = "com.apple.product-type.bundle.ui-testing";
		};
/* End PBXNativeTarget section */

/* Begin PBXProject section */
		58FB340528BD47FE00B9FFF9 /* Project object */ = {
			isa = PBXProject;
			attributes = {
				BuildIndependentTargetsInParallel = 1;
				LastSwiftUpdateCheck = 1400;
				LastUpgradeCheck = 1400;
				TargetAttributes = {
					58FB340C28BD47FE00B9FFF9 = {
						CreatedOnToolsVersion = 14.0;
					};
					58FB341C28BD47FF00B9FFF9 = {
						CreatedOnToolsVersion = 14.0;
						TestTargetID = 58FB340C28BD47FE00B9FFF9;
					};
					58FB342628BD47FF00B9FFF9 = {
						CreatedOnToolsVersion = 14.0;
						TestTargetID = 58FB340C28BD47FE00B9FFF9;
					};
				};
			};
			buildConfigurationList = 58FB340828BD47FE00B9FFF9 /* Build configuration list for PBXProject "TestApp" */;
			compatibilityVersion = "Xcode 14.0";
			developmentRegion = en;
			hasScannedForEncodings = 0;
			knownRegions = (
				en,
				Base,
			);
			mainGroup = 58FB340428BD47FE00B9FFF9;
			productRefGroup = 58FB340E28BD47FE00B9FFF9 /* Products */;
			projectDirPath = "";
			projectRoot = "";
			targets = (
				58FB340C28BD47FE00B9FFF9 /* TestApp */,
				58FB341C28BD47FF00B9FFF9 /* TestAppTests */,
				58FB342628BD47FF00B9FFF9 /* TestAppUITests */,
			);
		};
/* End PBXProject section */

/* Begin PBXResourcesBuildPhase section */
		58FB340B28BD47FE00B9FFF9 /* Resources */ = {
			isa = PBXResourcesBuildPhase;
			buildActionMask = 2147483647;
			files = (
				58FB341828BD47FF00B9FFF9 /* Preview Assets.xcassets in Resources */,
				58FB341528BD47FF00B9FFF9 /* Assets.xcassets in Resources */,
			);
			runOnlyForDeploymentPostprocessing = 0;
		};
		58FB341B28BD47FF00B9FFF9 /* Resources */ = {
			isa = PBXResourcesBuildPhase;
			buildActionMask = 2147483647;
			files = (
			);
			runOnlyForDeploymentPostprocessing = 0;
		};
		58FB342528BD47FF00B9FFF9 /* Resources */ = {
			isa = PBXResourcesBuildPhase;
			buildActionMask = 2147483647;
			files = (
			);
			runOnlyForDeploymentPostprocessing = 0;
		};
/* End PBXResourcesBuildPhase section */

/* Begin PBXSourcesBuildPhase section */
		58FB340928BD47FE00B9FFF9 /* Sources */ = {
			isa = PBXSourcesBuildPhase;
			buildActionMask = 2147483647;
			files = (
				587A50CA290A7FD200981ED9 /* AppTest.swift in Sources */,
				580C490229508045006E5723 /* PostModel.swift in Sources */,
				580C48FF29507D67006E5723 /* DownloadWithCombine.swift in Sources */,
				580C4905295174DF006E5723 /* DownloadingWithFuture.swift in Sources */,
				5823BB2F28F8C43C00537FA6 /* Photos.swift in Sources */,
				5823BB3428F8EAFB00537FA6 /* ConcurrencySwift.swift in Sources */,
				58FB341328BD47FE00B9FFF9 /* TestingStateView.swift in Sources */,
				587A50C729077C4100981ED9 /* DownloadWithEscaping.swift in Sources */,
				587A50C529076A7600981ED9 /* Escaping.swift in Sources */,
				5823BB3A28F9FBB800537FA6 /* SObjects.swift in Sources */,
				58FB341128BD47FE00B9FFF9 /* TestAppApp.swift in Sources */,
				5823BB3C28F9FD6D00537FA6 /* ObObjects.swift in Sources */,
				5823BB3228F8CF2C00537FA6 /* EmojiKeyboard.swift in Sources */,
				587A50BF28FF32D900981ED9 /* BackgroundThread.swift in Sources */,
				5823BB3628F8FAA400537FA6 /* DownloadImageAsyncImageLoader.swift in Sources */,
				587A50C22907640800981ED9 /* WeakSelf.swift in Sources */,
			);
			runOnlyForDeploymentPostprocessing = 0;
		};
		58FB341928BD47FF00B9FFF9 /* Sources */ = {
			isa = PBXSourcesBuildPhase;
			buildActionMask = 2147483647;
			files = (
				58FB342228BD47FF00B9FFF9 /* TestAppTests.swift in Sources */,
			);
			runOnlyForDeploymentPostprocessing = 0;
		};
		58FB342328BD47FF00B9FFF9 /* Sources */ = {
			isa = PBXSourcesBuildPhase;
			buildActionMask = 2147483647;
			files = (
				58FB342E28BD47FF00B9FFF9 /* TestAppUITestsLaunchTests.swift in Sources */,
				58FB342C28BD47FF00B9FFF9 /* TestAppUITests.swift in Sources */,
			);
			runOnlyForDeploymentPostprocessing = 0;
		};
/* End PBXSourcesBuildPhase section */

/* Begin PBXTargetDependency section */
		58FB341F28BD47FF00B9FFF9 /* PBXTargetDependency */ = {
			isa = PBXTargetDependency;
			target = 58FB340C28BD47FE00B9FFF9 /* TestApp */;
			targetProxy = 58FB341E28BD47FF00B9FFF9 /* PBXContainerItemProxy */;
		};
		58FB342928BD47FF00B9FFF9 /* PBXTargetDependency */ = {
			isa = PBXTargetDependency;
			target = 58FB340C28BD47FE00B9FFF9 /* TestApp */;
			targetProxy = 58FB342828BD47FF00B9FFF9 /* PBXContainerItemProxy */;
		};
/* End PBXTargetDependency section */

/* Begin XCBuildConfiguration section */
		58FB342F28BD47FF00B9FFF9 /* Debug */ = {
			isa = XCBuildConfiguration;
			buildSettings = {
				ALWAYS_SEARCH_USER_PATHS = NO;
				CLANG_ANALYZER_NONNULL = YES;
				CLANG_ANALYZER_NUMBER_OBJECT_CONVERSION = YES_AGGRESSIVE;
				CLANG_CXX_LANGUAGE_STANDARD = "gnu++20";
				CLANG_ENABLE_MODULES = YES;
				CLANG_ENABLE_OBJC_ARC = YES;
				CLANG_ENABLE_OBJC_WEAK = YES;
				CLANG_WARN_BLOCK_CAPTURE_AUTORELEASING = YES;
				CLANG_WARN_BOOL_CONVERSION = YES;
				CLANG_WARN_COMMA = YES;
				CLANG_WARN_CONSTANT_CONVERSION = YES;
				CLANG_WARN_DEPRECATED_OBJC_IMPLEMENTATIONS = YES;
				CLANG_WARN_DIRECT_OBJC_ISA_USAGE = YES_ERROR;
				CLANG_WARN_DOCUMENTATION_COMMENTS = YES;
				CLANG_WARN_EMPTY_BODY = YES;
				CLANG_WARN_ENUM_CONVERSION = YES;
				CLANG_WARN_INFINITE_RECURSION = YES;
				CLANG_WARN_INT_CONVERSION = YES;
				CLANG_WARN_NON_LITERAL_NULL_CONVERSION = YES;
				CLANG_WARN_OBJC_IMPLICIT_RETAIN_SELF = YES;
				CLANG_WARN_OBJC_LITERAL_CONVERSION = YES;
				CLANG_WARN_OBJC_ROOT_CLASS = YES_ERROR;
				CLANG_WARN_QUOTED_INCLUDE_IN_FRAMEWORK_HEADER = YES;
				CLANG_WARN_RANGE_LOOP_ANALYSIS = YES;
				CLANG_WARN_STRICT_PROTOTYPES = YES;
				CLANG_WARN_SUSPICIOUS_MOVE = YES;
				CLANG_WARN_UNGUARDED_AVAILABILITY = YES_AGGRESSIVE;
				CLANG_WARN_UNREACHABLE_CODE = YES;
				CLANG_WARN__DUPLICATE_METHOD_MATCH = YES;
				COPY_PHASE_STRIP = NO;
				DEBUG_INFORMATION_FORMAT = dwarf;
				ENABLE_STRICT_OBJC_MSGSEND = YES;
				ENABLE_TESTABILITY = YES;
				GCC_C_LANGUAGE_STANDARD = gnu11;
				GCC_DYNAMIC_NO_PIC = NO;
				GCC_NO_COMMON_BLOCKS = YES;
				GCC_OPTIMIZATION_LEVEL = 0;
				GCC_PREPROCESSOR_DEFINITIONS = (
					"DEBUG=1",
					"$(inherited)",
				);
				GCC_WARN_64_TO_32_BIT_CONVERSION = YES;
				GCC_WARN_ABOUT_RETURN_TYPE = YES_ERROR;
				GCC_WARN_UNDECLARED_SELECTOR = YES;
				GCC_WARN_UNINITIALIZED_AUTOS = YES_AGGRESSIVE;
				GCC_WARN_UNUSED_FUNCTION = YES;
				GCC_WARN_UNUSED_VARIABLE = YES;
				IPHONEOS_DEPLOYMENT_TARGET = 16.0;
				MTL_ENABLE_DEBUG_INFO = INCLUDE_SOURCE;
				MTL_FAST_MATH = YES;
				ONLY_ACTIVE_ARCH = YES;
				SDKROOT = iphoneos;
				SWIFT_ACTIVE_COMPILATION_CONDITIONS = DEBUG;
				SWIFT_OPTIMIZATION_LEVEL = "-Onone";
			};
			name = Debug;
		};
		58FB343028BD47FF00B9FFF9 /* Release */ = {
			isa = XCBuildConfiguration;
			buildSettings = {
				ALWAYS_SEARCH_USER_PATHS = NO;
				CLANG_ANALYZER_NONNULL = YES;
				CLANG_ANALYZER_NUMBER_OBJECT_CONVERSION = YES_AGGRESSIVE;
				CLANG_CXX_LANGUAGE_STANDARD = "gnu++20";
				CLANG_ENABLE_MODULES = YES;
				CLANG_ENABLE_OBJC_ARC = YES;
				CLANG_ENABLE_OBJC_WEAK = YES;
				CLANG_WARN_BLOCK_CAPTURE_AUTORELEASING = YES;
				CLANG_WARN_BOOL_CONVERSION = YES;
				CLANG_WARN_COMMA = YES;
				CLANG_WARN_CONSTANT_CONVERSION = YES;
				CLANG_WARN_DEPRECATED_OBJC_IMPLEMENTATIONS = YES;
				CLANG_WARN_DIRECT_OBJC_ISA_USAGE = YES_ERROR;
				CLANG_WARN_DOCUMENTATION_COMMENTS = YES;
				CLANG_WARN_EMPTY_BODY = YES;
				CLANG_WARN_ENUM_CONVERSION = YES;
				CLANG_WARN_INFINITE_RECURSION = YES;
				CLANG_WARN_INT_CONVERSION = YES;
				CLANG_WARN_NON_LITERAL_NULL_CONVERSION = YES;
				CLANG_WARN_OBJC_IMPLICIT_RETAIN_SELF = YES;
				CLANG_WARN_OBJC_LITERAL_CONVERSION = YES;
				CLANG_WARN_OBJC_ROOT_CLASS = YES_ERROR;
				CLANG_WARN_QUOTED_INCLUDE_IN_FRAMEWORK_HEADER = YES;
				CLANG_WARN_RANGE_LOOP_ANALYSIS = YES;
				CLANG_WARN_STRICT_PROTOTYPES = YES;
				CLANG_WARN_SUSPICIOUS_MOVE = YES;
				CLANG_WARN_UNGUARDED_AVAILABILITY = YES_AGGRESSIVE;
				CLANG_WARN_UNREACHABLE_CODE = YES;
				CLANG_WARN__DUPLICATE_METHOD_MATCH = YES;
				COPY_PHASE_STRIP = NO;
				DEBUG_INFORMATION_FORMAT = "dwarf-with-dsym";
				ENABLE_NS_ASSERTIONS = NO;
				ENABLE_STRICT_OBJC_MSGSEND = YES;
				GCC_C_LANGUAGE_STANDARD = gnu11;
				GCC_NO_COMMON_BLOCKS = YES;
				GCC_WARN_64_TO_32_BIT_CONVERSION = YES;
				GCC_WARN_ABOUT_RETURN_TYPE = YES_ERROR;
				GCC_WARN_UNDECLARED_SELECTOR = YES;
				GCC_WARN_UNINITIALIZED_AUTOS = YES_AGGRESSIVE;
				GCC_WARN_UNUSED_FUNCTION = YES;
				GCC_WARN_UNUSED_VARIABLE = YES;
				IPHONEOS_DEPLOYMENT_TARGET = 16.0;
				MTL_ENABLE_DEBUG_INFO = NO;
				MTL_FAST_MATH = YES;
				SDKROOT = iphoneos;
				SWIFT_COMPILATION_MODE = wholemodule;
				SWIFT_OPTIMIZATION_LEVEL = "-O";
				VALIDATE_PRODUCT = YES;
			};
			name = Release;
		};
		58FB343228BD47FF00B9FFF9 /* Debug */ = {
			isa = XCBuildConfiguration;
			buildSettings = {
				ASSETCATALOG_COMPILER_APPICON_NAME = AppIcon;
				ASSETCATALOG_COMPILER_GLOBAL_ACCENT_COLOR_NAME = AccentColor;
				CODE_SIGN_STYLE = Automatic;
				CURRENT_PROJECT_VERSION = 1;
				DEVELOPMENT_ASSET_PATHS = "\"TestApp/Preview Content\"";
				ENABLE_PREVIEWS = YES;
				GENERATE_INFOPLIST_FILE = YES;
				INFOPLIST_FILE = TestApp/Info.plist;
				INFOPLIST_KEY_LSApplicationCategoryType = "";
				INFOPLIST_KEY_NSPhotoLibraryUsageDescription = "To accces photos ";
				INFOPLIST_KEY_UIApplicationSceneManifest_Generation = YES;
				INFOPLIST_KEY_UIApplicationSupportsIndirectInputEvents = YES;
				INFOPLIST_KEY_UILaunchScreen_Generation = YES;
				INFOPLIST_KEY_UISupportedInterfaceOrientations_iPad = "UIInterfaceOrientationPortrait UIInterfaceOrientationPortraitUpsideDown UIInterfaceOrientationLandscapeLeft UIInterfaceOrientationLandscapeRight";
				INFOPLIST_KEY_UISupportedInterfaceOrientations_iPhone = "UIInterfaceOrientationPortrait UIInterfaceOrientationLandscapeLeft UIInterfaceOrientationLandscapeRight";
				LD_RUNPATH_SEARCH_PATHS = (
					"$(inherited)",
					"@executable_path/Frameworks",
				);
				MARKETING_VERSION = 1.0;
				PRODUCT_BUNDLE_IDENTIFIER = com.bishalw.TestApp;
				PRODUCT_NAME = "$(TARGET_NAME)";
				SWIFT_EMIT_LOC_STRINGS = YES;
				SWIFT_VERSION = 5.0;
				TARGETED_DEVICE_FAMILY = "1,2";
			};
			name = Debug;
		};
		58FB343328BD47FF00B9FFF9 /* Release */ = {
			isa = XCBuildConfiguration;
			buildSettings = {
				ASSETCATALOG_COMPILER_APPICON_NAME = AppIcon;
				ASSETCATALOG_COMPILER_GLOBAL_ACCENT_COLOR_NAME = AccentColor;
				CODE_SIGN_STYLE = Automatic;
				CURRENT_PROJECT_VERSION = 1;
				DEVELOPMENT_ASSET_PATHS = "\"TestApp/Preview Content\"";
				ENABLE_PREVIEWS = YES;
				GENERATE_INFOPLIST_FILE = YES;
				INFOPLIST_FILE = TestApp/Info.plist;
				INFOPLIST_KEY_LSApplicationCategoryType = "";
				INFOPLIST_KEY_NSPhotoLibraryUsageDescription = "To accces photos ";
				INFOPLIST_KEY_UIApplicationSceneManifest_Generation = YES;
				INFOPLIST_KEY_UIApplicationSupportsIndirectInputEvents = YES;
				INFOPLIST_KEY_UILaunchScreen_Generation = YES;
				INFOPLIST_KEY_UISupportedInterfaceOrientations_iPad = "UIInterfaceOrientationPortrait UIInterfaceOrientationPortraitUpsideDown UIInterfaceOrientationLandscapeLeft UIInterfaceOrientationLandscapeRight";
				INFOPLIST_KEY_UISupportedInterfaceOrientations_iPhone = "UIInterfaceOrientationPortrait UIInterfaceOrientationLandscapeLeft UIInterfaceOrientationLandscapeRight";
				LD_RUNPATH_SEARCH_PATHS = (
					"$(inherited)",
					"@executable_path/Frameworks",
				);
				MARKETING_VERSION = 1.0;
				PRODUCT_BUNDLE_IDENTIFIER = com.bishalw.TestApp;
				PRODUCT_NAME = "$(TARGET_NAME)";
				SWIFT_EMIT_LOC_STRINGS = YES;
				SWIFT_VERSION = 5.0;
				TARGETED_DEVICE_FAMILY = "1,2";
			};
			name = Release;
		};
		58FB343528BD47FF00B9FFF9 /* Debug */ = {
			isa = XCBuildConfiguration;
			buildSettings = {
				ALWAYS_EMBED_SWIFT_STANDARD_LIBRARIES = YES;
				BUNDLE_LOADER = "$(TEST_HOST)";
				CODE_SIGN_STYLE = Automatic;
				CURRENT_PROJECT_VERSION = 1;
				GENERATE_INFOPLIST_FILE = YES;
				IPHONEOS_DEPLOYMENT_TARGET = 16.0;
				MARKETING_VERSION = 1.0;
				PRODUCT_BUNDLE_IDENTIFIER = com.bishalw.TestAppTests;
				PRODUCT_NAME = "$(TARGET_NAME)";
				SWIFT_EMIT_LOC_STRINGS = NO;
				SWIFT_VERSION = 5.0;
				TARGETED_DEVICE_FAMILY = "1,2";
				TEST_HOST = "$(BUILT_PRODUCTS_DIR)/TestApp.app/$(BUNDLE_EXECUTABLE_FOLDER_PATH)/TestApp";
			};
			name = Debug;
		};
		58FB343628BD47FF00B9FFF9 /* Release */ = {
			isa = XCBuildConfiguration;
			buildSettings = {
				ALWAYS_EMBED_SWIFT_STANDARD_LIBRARIES = YES;
				BUNDLE_LOADER = "$(TEST_HOST)";
				CODE_SIGN_STYLE = Automatic;
				CURRENT_PROJECT_VERSION = 1;
				GENERATE_INFOPLIST_FILE = YES;
				IPHONEOS_DEPLOYMENT_TARGET = 16.0;
				MARKETING_VERSION = 1.0;
				PRODUCT_BUNDLE_IDENTIFIER = com.bishalw.TestAppTests;
				PRODUCT_NAME = "$(TARGET_NAME)";
				SWIFT_EMIT_LOC_STRINGS = NO;
				SWIFT_VERSION = 5.0;
				TARGETED_DEVICE_FAMILY = "1,2";
				TEST_HOST = "$(BUILT_PRODUCTS_DIR)/TestApp.app/$(BUNDLE_EXECUTABLE_FOLDER_PATH)/TestApp";
			};
			name = Release;
		};
		58FB343828BD47FF00B9FFF9 /* Debug */ = {
			isa = XCBuildConfiguration;
			buildSettings = {
				ALWAYS_EMBED_SWIFT_STANDARD_LIBRARIES = YES;
				CODE_SIGN_STYLE = Automatic;
				CURRENT_PROJECT_VERSION = 1;
				GENERATE_INFOPLIST_FILE = YES;
				MARKETING_VERSION = 1.0;
				PRODUCT_BUNDLE_IDENTIFIER = com.bishalw.TestAppUITests;
				PRODUCT_NAME = "$(TARGET_NAME)";
				SWIFT_EMIT_LOC_STRINGS = NO;
				SWIFT_VERSION = 5.0;
				TARGETED_DEVICE_FAMILY = "1,2";
				TEST_TARGET_NAME = TestApp;
			};
			name = Debug;
		};
		58FB343928BD47FF00B9FFF9 /* Release */ = {
			isa = XCBuildConfiguration;
			buildSettings = {
				ALWAYS_EMBED_SWIFT_STANDARD_LIBRARIES = YES;
				CODE_SIGN_STYLE = Automatic;
				CURRENT_PROJECT_VERSION = 1;
				GENERATE_INFOPLIST_FILE = YES;
				MARKETING_VERSION = 1.0;
				PRODUCT_BUNDLE_IDENTIFIER = com.bishalw.TestAppUITests;
				PRODUCT_NAME = "$(TARGET_NAME)";
				SWIFT_EMIT_LOC_STRINGS = NO;
				SWIFT_VERSION = 5.0;
				TARGETED_DEVICE_FAMILY = "1,2";
				TEST_TARGET_NAME = TestApp;
			};
			name = Release;
		};
/* End XCBuildConfiguration section */

/* Begin XCConfigurationList section */
		58FB340828BD47FE00B9FFF9 /* Build configuration list for PBXProject "TestApp" */ = {
			isa = XCConfigurationList;
			buildConfigurations = (
				58FB342F28BD47FF00B9FFF9 /* Debug */,
				58FB343028BD47FF00B9FFF9 /* Release */,
			);
			defaultConfigurationIsVisible = 0;
			defaultConfigurationName = Release;
		};
		58FB343128BD47FF00B9FFF9 /* Build configuration list for PBXNativeTarget "TestApp" */ = {
			isa = XCConfigurationList;
			buildConfigurations = (
				58FB343228BD47FF00B9FFF9 /* Debug */,
				58FB343328BD47FF00B9FFF9 /* Release */,
			);
			defaultConfigurationIsVisible = 0;
			defaultConfigurationName = Release;
		};
		58FB343428BD47FF00B9FFF9 /* Build configuration list for PBXNativeTarget "TestAppTests" */ = {
			isa = XCConfigurationList;
			buildConfigurations = (
				58FB343528BD47FF00B9FFF9 /* Debug */,
				58FB343628BD47FF00B9FFF9 /* Release */,
			);
			defaultConfigurationIsVisible = 0;
			defaultConfigurationName = Release;
		};
		58FB343728BD47FF00B9FFF9 /* Build configuration list for PBXNativeTarget "TestAppUITests" */ = {
			isa = XCConfigurationList;
			buildConfigurations = (
				58FB343828BD47FF00B9FFF9 /* Debug */,
				58FB343928BD47FF00B9FFF9 /* Release */,
			);
			defaultConfigurationIsVisible = 0;
			defaultConfigurationName = Release;
		};
/* End XCConfigurationList section */
	};
	rootObject = 58FB340528BD47FE00B9FFF9 /* Project object */;
}
